// !$*UTF8*$!
{
	archiveVersion = 1;
	classes = {
	};
	objectVersion = 56;
	objects = {

/* Begin PBXBuildFile section */
		3F259C6E29E4873C00F83385 /* AgriculturalLandView.swift in Sources */ = {isa = PBXBuildFile; fileRef = 3F259C6D29E4873C00F83385 /* AgriculturalLandView.swift */; };
		3F259C7029E4875800F83385 /* AgriculturalEquipmentView.swift in Sources */ = {isa = PBXBuildFile; fileRef = 3F259C6F29E4875800F83385 /* AgriculturalEquipmentView.swift */; };
		3F259C7229E4879E00F83385 /* ProfileView.swift in Sources */ = {isa = PBXBuildFile; fileRef = 3F259C7129E4879E00F83385 /* ProfileView.swift */; };
		3F259C7429E487E000F83385 /* MainView.swift in Sources */ = {isa = PBXBuildFile; fileRef = 3F259C7329E487E000F83385 /* MainView.swift */; };
		3F3777352A053827009BA47B /* CategoryModel.swift in Sources */ = {isa = PBXBuildFile; fileRef = 3F3777342A053827009BA47B /* CategoryModel.swift */; };
		3F3777382A05398D009BA47B /* CategoryItemView.swift in Sources */ = {isa = PBXBuildFile; fileRef = 3F3777372A05398D009BA47B /* CategoryItemView.swift */; };
		3F37773C2A053B47009BA47B /* CodableBundleExtension.swift in Sources */ = {isa = PBXBuildFile; fileRef = 3F37773B2A053B47009BA47B /* CodableBundleExtension.swift */; };
		3F37773E2A053BF7009BA47B /* Constant.swift in Sources */ = {isa = PBXBuildFile; fileRef = 3F37773D2A053BF7009BA47B /* Constant.swift */; };
		3F3777402A0540E4009BA47B /* category.json in Resources */ = {isa = PBXBuildFile; fileRef = 3F37773F2A0540E3009BA47B /* category.json */; };
		3F3777422A054504009BA47B /* CategoryGridView.swift in Sources */ = {isa = PBXBuildFile; fileRef = 3F3777412A054504009BA47B /* CategoryGridView.swift */; };
		3F3777442A05457E009BA47B /* SectionView.swift in Sources */ = {isa = PBXBuildFile; fileRef = 3F3777432A05457E009BA47B /* SectionView.swift */; };
		3F3777482A054D83009BA47B /* TitleView.swift in Sources */ = {isa = PBXBuildFile; fileRef = 3F3777472A054D83009BA47B /* TitleView.swift */; };
		3F6B609029FF634E00BB46C9 /* LandDetailView.swift in Sources */ = {isa = PBXBuildFile; fileRef = 3F6B608F29FF634E00BB46C9 /* LandDetailView.swift */; };
		3F6B60922A02551800BB46C9 /* FooterView.swift in Sources */ = {isa = PBXBuildFile; fileRef = 3F6B60912A02551800BB46C9 /* FooterView.swift */; };
		3F6B60942A025DC900BB46C9 /* NavigationBarView.swift in Sources */ = {isa = PBXBuildFile; fileRef = 3F6B60932A025DC900BB46C9 /* NavigationBarView.swift */; };
		3F6B60962A025F7300BB46C9 /* LogoView.swift in Sources */ = {isa = PBXBuildFile; fileRef = 3F6B60952A025F7300BB46C9 /* LogoView.swift */; };
		3F6B60992A028BE300BB46C9 /* NavigationBarDetailView.swift in Sources */ = {isa = PBXBuildFile; fileRef = 3F6B60982A028BE300BB46C9 /* NavigationBarDetailView.swift */; };
		3F8CDF5A29DE9E34002B4946 /* Tajawal-Regular.ttf in Resources */ = {isa = PBXBuildFile; fileRef = 3F8CDF5229DE9E33002B4946 /* Tajawal-Regular.ttf */; };
		3F8CDF5B29DE9E34002B4946 /* Tajawal-ExtraBold.ttf in Resources */ = {isa = PBXBuildFile; fileRef = 3F8CDF5329DE9E33002B4946 /* Tajawal-ExtraBold.ttf */; };
		3F8CDF5C29DE9E34002B4946 /* Tajawal-Medium.ttf in Resources */ = {isa = PBXBuildFile; fileRef = 3F8CDF5429DE9E34002B4946 /* Tajawal-Medium.ttf */; };
		3F8CDF5D29DE9E34002B4946 /* Tajawal-Light.ttf in Resources */ = {isa = PBXBuildFile; fileRef = 3F8CDF5529DE9E34002B4946 /* Tajawal-Light.ttf */; };
		3F8CDF5E29DE9E34002B4946 /* OFL.txt in Resources */ = {isa = PBXBuildFile; fileRef = 3F8CDF5629DE9E34002B4946 /* OFL.txt */; };
		3F8CDF5F29DE9E34002B4946 /* Tajawal-ExtraLight.ttf in Resources */ = {isa = PBXBuildFile; fileRef = 3F8CDF5729DE9E34002B4946 /* Tajawal-ExtraLight.ttf */; };
		3F8CDF6029DE9E34002B4946 /* Tajawal-Bold.ttf in Resources */ = {isa = PBXBuildFile; fileRef = 3F8CDF5829DE9E34002B4946 /* Tajawal-Bold.ttf */; };
		3F8CDF6129DE9E34002B4946 /* Tajawal-Black.ttf in Resources */ = {isa = PBXBuildFile; fileRef = 3F8CDF5929DE9E34002B4946 /* Tajawal-Black.ttf */; };
		3F8CDF6329DEA0CA002B4946 /* FarmerSignUpView.swift in Sources */ = {isa = PBXBuildFile; fileRef = 3F8CDF6229DEA0CA002B4946 /* FarmerSignUpView.swift */; };
		3FF4A1C729DE583B00A30D6F /* NYLEApp.swift in Sources */ = {isa = PBXBuildFile; fileRef = 3FF4A1C629DE583B00A30D6F /* NYLEApp.swift */; };
		3FF4A1C929DE583B00A30D6F /* ContentView.swift in Sources */ = {isa = PBXBuildFile; fileRef = 3FF4A1C829DE583B00A30D6F /* ContentView.swift */; };
		3FF4A1CB29DE583D00A30D6F /* Assets.xcassets in Resources */ = {isa = PBXBuildFile; fileRef = 3FF4A1CA29DE583D00A30D6F /* Assets.xcassets */; };
		3FF4A1CE29DE583D00A30D6F /* Preview Assets.xcassets in Resources */ = {isa = PBXBuildFile; fileRef = 3FF4A1CD29DE583D00A30D6F /* Preview Assets.xcassets */; };
		3FF4A1D829DE665A00A30D6F /* LoginView.swift in Sources */ = {isa = PBXBuildFile; fileRef = 3FF4A1D729DE665900A30D6F /* LoginView.swift */; };
		3FF4A1DA29DE667100A30D6F /* AccountType.swift in Sources */ = {isa = PBXBuildFile; fileRef = 3FF4A1D929DE667100A30D6F /* AccountType.swift */; };
		3FF4A1DC29DE66A800A30D6F /* FarmerSignUp.swift in Sources */ = {isa = PBXBuildFile; fileRef = 3FF4A1DB29DE66A800A30D6F /* FarmerSignUp.swift */; };
		3FF4A1DE29DE66E400A30D6F /* OwnerSignUp.swift in Sources */ = {isa = PBXBuildFile; fileRef = 3FF4A1DD29DE66E400A30D6F /* OwnerSignUp.swift */; };
		77D5A7792A0ACC1400AAC30A /* OwnerUIView.swift in Sources */ = {isa = PBXBuildFile; fileRef = 77D5A7782A0ACC1400AAC30A /* OwnerUIView.swift */; };
		A003F0422A066215003625D9 /* GoogleService-Info.plist in Resources */ = {isa = PBXBuildFile; fileRef = A003F0412A066214003625D9 /* GoogleService-Info.plist */; };
		A003F0452A0662ED003625D9 /* FirebaseAuth in Frameworks */ = {isa = PBXBuildFile; productRef = A003F0442A0662ED003625D9 /* FirebaseAuth */; };
		A003F0472A0662ED003625D9 /* FirebaseFirestore in Frameworks */ = {isa = PBXBuildFile; productRef = A003F0462A0662ED003625D9 /* FirebaseFirestore */; };
		A003F0492A0662ED003625D9 /* FirebaseFirestoreSwift in Frameworks */ = {isa = PBXBuildFile; productRef = A003F0482A0662ED003625D9 /* FirebaseFirestoreSwift */; };
		A003F04B2A0662ED003625D9 /* FirebaseStorage in Frameworks */ = {isa = PBXBuildFile; productRef = A003F04A2A0662ED003625D9 /* FirebaseStorage */; };
		A003F04E2A066320003625D9 /* Model.swift in Sources */ = {isa = PBXBuildFile; fileRef = A003F04D2A066320003625D9 /* Model.swift */; };
		A003F0512A06644F003625D9 /* String+Extensions.swift in Sources */ = {isa = PBXBuildFile; fileRef = A003F0502A06644F003625D9 /* String+Extensions.swift */; };
		A003F0552A076B73003625D9 /* Farmers.swift in Sources */ = {isa = PBXBuildFile; fileRef = A003F0542A076B73003625D9 /* Farmers.swift */; };
		A003F0572A076B7E003625D9 /* Owners.swift in Sources */ = {isa = PBXBuildFile; fileRef = A003F0562A076B7E003625D9 /* Owners.swift */; };
		A003F0592A076B89003625D9 /* Lands.swift in Sources */ = {isa = PBXBuildFile; fileRef = A003F0582A076B89003625D9 /* Lands.swift */; };
		A003F05B2A076BA7003625D9 /* Equipment.swift in Sources */ = {isa = PBXBuildFile; fileRef = A003F05A2A076BA7003625D9 /* Equipment.swift */; };
		A003F05E2A076E1C003625D9 /* FarmersViewModel.swift in Sources */ = {isa = PBXBuildFile; fileRef = A003F05D2A076E1C003625D9 /* FarmersViewModel.swift */; };
		A003F0602A076E2E003625D9 /* OwnersViewModel.swift in Sources */ = {isa = PBXBuildFile; fileRef = A003F05F2A076E2E003625D9 /* OwnersViewModel.swift */; };
		A003F0642A079C34003625D9 /* LogoView.swift in Sources */ = {isa = PBXBuildFile; fileRef = A003F0632A079C34003625D9 /* LogoView.swift */; };
		A01AED9F29E24F3500C87B77 /* OwnerSignUpButton.swift in Sources */ = {isa = PBXBuildFile; fileRef = A01AED9E29E24F3500C87B77 /* OwnerSignUpButton.swift */; };
		A01AEDA129E25B0100C87B77 /* CustomShapeView.swift in Sources */ = {isa = PBXBuildFile; fileRef = A01AEDA029E25B0100C87B77 /* CustomShapeView.swift */; };
		A01FC37929E3966C000C0170 /* SignInButtonView.swift in Sources */ = {isa = PBXBuildFile; fileRef = A01FC37829E3966C000C0170 /* SignInButtonView.swift */; };
		A044C8A929E0F85000A40824 /* FarmerSignUpButton.swift in Sources */ = {isa = PBXBuildFile; fileRef = A044C8A829E0F85000A40824 /* FarmerSignUpButton.swift */; };
		A0BA0BAF29ECB33300F9E025 /* OwnerSignUpView.swift in Sources */ = {isa = PBXBuildFile; fileRef = A0BA0BAE29ECB33300F9E025 /* OwnerSignUpView.swift */; };
/* End PBXBuildFile section */

/* Begin PBXFileReference section */
		3F259C6D29E4873C00F83385 /* AgriculturalLandView.swift */ = {isa = PBXFileReference; lastKnownFileType = sourcecode.swift; path = AgriculturalLandView.swift; sourceTree = "<group>"; };
		3F259C6F29E4875800F83385 /* AgriculturalEquipmentView.swift */ = {isa = PBXFileReference; lastKnownFileType = sourcecode.swift; path = AgriculturalEquipmentView.swift; sourceTree = "<group>"; };
		3F259C7129E4879E00F83385 /* ProfileView.swift */ = {isa = PBXFileReference; lastKnownFileType = sourcecode.swift; path = ProfileView.swift; sourceTree = "<group>"; };
		3F259C7329E487E000F83385 /* MainView.swift */ = {isa = PBXFileReference; lastKnownFileType = sourcecode.swift; path = MainView.swift; sourceTree = "<group>"; };
		3F3777342A053827009BA47B /* CategoryModel.swift */ = {isa = PBXFileReference; lastKnownFileType = sourcecode.swift; path = CategoryModel.swift; sourceTree = "<group>"; };
		3F3777372A05398D009BA47B /* CategoryItemView.swift */ = {isa = PBXFileReference; lastKnownFileType = sourcecode.swift; path = CategoryItemView.swift; sourceTree = "<group>"; };
		3F37773B2A053B47009BA47B /* CodableBundleExtension.swift */ = {isa = PBXFileReference; lastKnownFileType = sourcecode.swift; path = CodableBundleExtension.swift; sourceTree = "<group>"; };
		3F37773D2A053BF7009BA47B /* Constant.swift */ = {isa = PBXFileReference; lastKnownFileType = sourcecode.swift; path = Constant.swift; sourceTree = "<group>"; };
		3F37773F2A0540E3009BA47B /* category.json */ = {isa = PBXFileReference; fileEncoding = 4; lastKnownFileType = text.json; name = category.json; path = "../../../../Downloads/SWIFTUI-APP-TOUCHDOWN-2/Completed/Touchdown/Touchdown/Data/category.json"; sourceTree = "<group>"; };
		3F3777412A054504009BA47B /* CategoryGridView.swift */ = {isa = PBXFileReference; lastKnownFileType = sourcecode.swift; path = CategoryGridView.swift; sourceTree = "<group>"; };
		3F3777432A05457E009BA47B /* SectionView.swift */ = {isa = PBXFileReference; lastKnownFileType = sourcecode.swift; path = SectionView.swift; sourceTree = "<group>"; };
		3F3777472A054D83009BA47B /* TitleView.swift */ = {isa = PBXFileReference; lastKnownFileType = sourcecode.swift; path = TitleView.swift; sourceTree = "<group>"; };
		3F6B608F29FF634E00BB46C9 /* LandDetailView.swift */ = {isa = PBXFileReference; lastKnownFileType = sourcecode.swift; path = LandDetailView.swift; sourceTree = "<group>"; };
		3F6B60912A02551800BB46C9 /* FooterView.swift */ = {isa = PBXFileReference; lastKnownFileType = sourcecode.swift; path = FooterView.swift; sourceTree = "<group>"; };
		3F6B60932A025DC900BB46C9 /* NavigationBarView.swift */ = {isa = PBXFileReference; lastKnownFileType = sourcecode.swift; path = NavigationBarView.swift; sourceTree = "<group>"; };
		3F6B60952A025F7300BB46C9 /* LogoView.swift */ = {isa = PBXFileReference; lastKnownFileType = sourcecode.swift; path = LogoView.swift; sourceTree = "<group>"; };
		3F6B60982A028BE300BB46C9 /* NavigationBarDetailView.swift */ = {isa = PBXFileReference; lastKnownFileType = sourcecode.swift; path = NavigationBarDetailView.swift; sourceTree = "<group>"; };
		3F8CDF5229DE9E33002B4946 /* Tajawal-Regular.ttf */ = {isa = PBXFileReference; lastKnownFileType = file; path = "Tajawal-Regular.ttf"; sourceTree = "<group>"; };
		3F8CDF5329DE9E33002B4946 /* Tajawal-ExtraBold.ttf */ = {isa = PBXFileReference; lastKnownFileType = file; path = "Tajawal-ExtraBold.ttf"; sourceTree = "<group>"; };
		3F8CDF5429DE9E34002B4946 /* Tajawal-Medium.ttf */ = {isa = PBXFileReference; lastKnownFileType = file; path = "Tajawal-Medium.ttf"; sourceTree = "<group>"; };
		3F8CDF5529DE9E34002B4946 /* Tajawal-Light.ttf */ = {isa = PBXFileReference; lastKnownFileType = file; path = "Tajawal-Light.ttf"; sourceTree = "<group>"; };
		3F8CDF5629DE9E34002B4946 /* OFL.txt */ = {isa = PBXFileReference; fileEncoding = 4; lastKnownFileType = text; path = OFL.txt; sourceTree = "<group>"; };
		3F8CDF5729DE9E34002B4946 /* Tajawal-ExtraLight.ttf */ = {isa = PBXFileReference; lastKnownFileType = file; path = "Tajawal-ExtraLight.ttf"; sourceTree = "<group>"; };
		3F8CDF5829DE9E34002B4946 /* Tajawal-Bold.ttf */ = {isa = PBXFileReference; lastKnownFileType = file; path = "Tajawal-Bold.ttf"; sourceTree = "<group>"; };
		3F8CDF5929DE9E34002B4946 /* Tajawal-Black.ttf */ = {isa = PBXFileReference; lastKnownFileType = file; path = "Tajawal-Black.ttf"; sourceTree = "<group>"; };
		3F8CDF6229DEA0CA002B4946 /* FarmerSignUpView.swift */ = {isa = PBXFileReference; lastKnownFileType = sourcecode.swift; path = FarmerSignUpView.swift; sourceTree = "<group>"; };
		3FF4A1C329DE583B00A30D6F /* NYLE.app */ = {isa = PBXFileReference; explicitFileType = wrapper.application; includeInIndex = 0; path = NYLE.app; sourceTree = BUILT_PRODUCTS_DIR; };
		3FF4A1C629DE583B00A30D6F /* NYLEApp.swift */ = {isa = PBXFileReference; lastKnownFileType = sourcecode.swift; path = NYLEApp.swift; sourceTree = "<group>"; };
		3FF4A1C829DE583B00A30D6F /* ContentView.swift */ = {isa = PBXFileReference; lastKnownFileType = sourcecode.swift; path = ContentView.swift; sourceTree = "<group>"; };
		3FF4A1CA29DE583D00A30D6F /* Assets.xcassets */ = {isa = PBXFileReference; lastKnownFileType = folder.assetcatalog; path = Assets.xcassets; sourceTree = "<group>"; };
		3FF4A1CD29DE583D00A30D6F /* Preview Assets.xcassets */ = {isa = PBXFileReference; lastKnownFileType = folder.assetcatalog; path = "Preview Assets.xcassets"; sourceTree = "<group>"; };
		3FF4A1D429DE591A00A30D6F /* Info.plist */ = {isa = PBXFileReference; lastKnownFileType = text.plist; path = Info.plist; sourceTree = "<group>"; };
		3FF4A1D729DE665900A30D6F /* LoginView.swift */ = {isa = PBXFileReference; lastKnownFileType = sourcecode.swift; path = LoginView.swift; sourceTree = "<group>"; };
		3FF4A1D929DE667100A30D6F /* AccountType.swift */ = {isa = PBXFileReference; lastKnownFileType = sourcecode.swift; path = AccountType.swift; sourceTree = "<group>"; };
		3FF4A1DB29DE66A800A30D6F /* FarmerSignUp.swift */ = {isa = PBXFileReference; lastKnownFileType = sourcecode.swift; path = FarmerSignUp.swift; sourceTree = "<group>"; };
		3FF4A1DD29DE66E400A30D6F /* OwnerSignUp.swift */ = {isa = PBXFileReference; lastKnownFileType = sourcecode.swift; path = OwnerSignUp.swift; sourceTree = "<group>"; };
		77D5A7782A0ACC1400AAC30A /* OwnerUIView.swift */ = {isa = PBXFileReference; lastKnownFileType = sourcecode.swift; path = OwnerUIView.swift; sourceTree = "<group>"; };
		A003F0412A066214003625D9 /* GoogleService-Info.plist */ = {isa = PBXFileReference; fileEncoding = 4; lastKnownFileType = text.plist.xml; path = "GoogleService-Info.plist"; sourceTree = "<group>"; };
		A003F04D2A066320003625D9 /* Model.swift */ = {isa = PBXFileReference; lastKnownFileType = sourcecode.swift; path = Model.swift; sourceTree = "<group>"; };
		A003F0502A06644F003625D9 /* String+Extensions.swift */ = {isa = PBXFileReference; lastKnownFileType = sourcecode.swift; path = "String+Extensions.swift"; sourceTree = "<group>"; };
		A003F0542A076B73003625D9 /* Farmers.swift */ = {isa = PBXFileReference; lastKnownFileType = sourcecode.swift; path = Farmers.swift; sourceTree = "<group>"; };
		A003F0562A076B7E003625D9 /* Owners.swift */ = {isa = PBXFileReference; lastKnownFileType = sourcecode.swift; path = Owners.swift; sourceTree = "<group>"; };
		A003F0582A076B89003625D9 /* Lands.swift */ = {isa = PBXFileReference; lastKnownFileType = sourcecode.swift; path = Lands.swift; sourceTree = "<group>"; };
		A003F05A2A076BA7003625D9 /* Equipment.swift */ = {isa = PBXFileReference; lastKnownFileType = sourcecode.swift; path = Equipment.swift; sourceTree = "<group>"; };
		A003F05D2A076E1C003625D9 /* FarmersViewModel.swift */ = {isa = PBXFileReference; lastKnownFileType = sourcecode.swift; path = FarmersViewModel.swift; sourceTree = "<group>"; };
		A003F05F2A076E2E003625D9 /* OwnersViewModel.swift */ = {isa = PBXFileReference; lastKnownFileType = sourcecode.swift; path = OwnersViewModel.swift; sourceTree = "<group>"; };
		A003F0632A079C34003625D9 /* LogoView.swift */ = {isa = PBXFileReference; lastKnownFileType = sourcecode.swift; path = LogoView.swift; sourceTree = "<group>"; };
		A01AED9E29E24F3500C87B77 /* OwnerSignUpButton.swift */ = {isa = PBXFileReference; lastKnownFileType = sourcecode.swift; path = OwnerSignUpButton.swift; sourceTree = "<group>"; };
		A01AEDA029E25B0100C87B77 /* CustomShapeView.swift */ = {isa = PBXFileReference; lastKnownFileType = sourcecode.swift; path = CustomShapeView.swift; sourceTree = "<group>"; };
		A01FC37829E3966C000C0170 /* SignInButtonView.swift */ = {isa = PBXFileReference; lastKnownFileType = sourcecode.swift; path = SignInButtonView.swift; sourceTree = "<group>"; };
		A044C8A829E0F85000A40824 /* FarmerSignUpButton.swift */ = {isa = PBXFileReference; lastKnownFileType = sourcecode.swift; path = FarmerSignUpButton.swift; sourceTree = "<group>"; };
		A0BA0BAE29ECB33300F9E025 /* OwnerSignUpView.swift */ = {isa = PBXFileReference; lastKnownFileType = sourcecode.swift; path = OwnerSignUpView.swift; sourceTree = "<group>"; };
/* End PBXFileReference section */

/* Begin PBXFrameworksBuildPhase section */
		3FF4A1C029DE583B00A30D6F /* Frameworks */ = {
			isa = PBXFrameworksBuildPhase;
			buildActionMask = 2147483647;
			files = (
				A003F0452A0662ED003625D9 /* FirebaseAuth in Frameworks */,
				A003F04B2A0662ED003625D9 /* FirebaseStorage in Frameworks */,
				A003F0472A0662ED003625D9 /* FirebaseFirestore in Frameworks */,
				A003F0492A0662ED003625D9 /* FirebaseFirestoreSwift in Frameworks */,
			);
			runOnlyForDeploymentPostprocessing = 0;
		};
/* End PBXFrameworksBuildPhase section */

/* Begin PBXGroup section */
		3F3777312A053633009BA47B /* Data */ = {
			isa = PBXGroup;
			children = (
				3F37773F2A0540E3009BA47B /* category.json */,
			);
			path = Data;
			sourceTree = "<group>";
		};
		3F3777332A0537EA009BA47B /* Model */ = {
			isa = PBXGroup;
			children = (
				3F3777342A053827009BA47B /* CategoryModel.swift */,
			);
			path = Model;
			sourceTree = "<group>";
		};
		3F3777362A0538EA009BA47B /* Home */ = {
			isa = PBXGroup;
			children = (
				3F6B60912A02551800BB46C9 /* FooterView.swift */,
				3F6B60932A025DC900BB46C9 /* NavigationBarView.swift */,
				3F3777372A05398D009BA47B /* CategoryItemView.swift */,
				3F3777412A054504009BA47B /* CategoryGridView.swift */,
				3F3777432A05457E009BA47B /* SectionView.swift */,
				3F3777472A054D83009BA47B /* TitleView.swift */,
			);
			path = Home;
			sourceTree = "<group>";
		};
		3F3777392A053B1F009BA47B /* Extension */ = {
			isa = PBXGroup;
			children = (
				3F37773B2A053B47009BA47B /* CodableBundleExtension.swift */,
			);
			path = Extension;
			sourceTree = "<group>";
		};
		3F37773A2A053B2A009BA47B /* Utility */ = {
			isa = PBXGroup;
			children = (
				3F37773D2A053BF7009BA47B /* Constant.swift */,
			);
			path = Utility;
			sourceTree = "<group>";
		};
		3F6B60972A028BBE00BB46C9 /* Detail */ = {
			isa = PBXGroup;
			children = (
				3F6B60982A028BE300BB46C9 /* NavigationBarDetailView.swift */,
			);
			path = Detail;
			sourceTree = "<group>";
		};
		3F8CDF5129DE9E1A002B4946 /* Fonts */ = {
			isa = PBXGroup;
			children = (
				3F8CDF5629DE9E34002B4946 /* OFL.txt */,
				3F8CDF5929DE9E34002B4946 /* Tajawal-Black.ttf */,
				3F8CDF5829DE9E34002B4946 /* Tajawal-Bold.ttf */,
				3F8CDF5329DE9E33002B4946 /* Tajawal-ExtraBold.ttf */,
				3F8CDF5729DE9E34002B4946 /* Tajawal-ExtraLight.ttf */,
				3F8CDF5529DE9E34002B4946 /* Tajawal-Light.ttf */,
				3F8CDF5429DE9E34002B4946 /* Tajawal-Medium.ttf */,
				3F8CDF5229DE9E33002B4946 /* Tajawal-Regular.ttf */,
			);
			path = Fonts;
			sourceTree = "<group>";
		};
		3FF4A1BA29DE583B00A30D6F = {
			isa = PBXGroup;
			children = (
				3FF4A1C529DE583B00A30D6F /* NYLE */,
				3FF4A1C429DE583B00A30D6F /* Products */,
			);
			sourceTree = "<group>";
		};
		3FF4A1C429DE583B00A30D6F /* Products */ = {
			isa = PBXGroup;
			children = (
				3FF4A1C329DE583B00A30D6F /* NYLE.app */,
			);
			name = Products;
			sourceTree = "<group>";
		};
		3FF4A1C529DE583B00A30D6F /* NYLE */ = {
			isa = PBXGroup;
			children = (
				77D5A77A2A0ACC3000AAC30A /* OwnerSide */,
				3F3777362A0538EA009BA47B /* Home */,
				3F6B60972A028BBE00BB46C9 /* Detail */,
				3FF4A1D629DE64E600A30D6F /* App */,
				3FF4A1D529DE64D800A30D6F /* View */,
				A003F0532A0664F7003625D9 /* Registration */,
				A003F0522A0664DB003625D9 /* Login */,
				A003F0412A066214003625D9 /* GoogleService-Info.plist */,
				3F37773A2A053B2A009BA47B /* Utility */,
				3F3777392A053B1F009BA47B /* Extension */,
				3F8CDF5129DE9E1A002B4946 /* Fonts */,
				3F3777332A0537EA009BA47B /* Model */,
				3F3777312A053633009BA47B /* Data */,
				3FF4A1D429DE591A00A30D6F /* Info.plist */,
				3FF4A1CA29DE583D00A30D6F /* Assets.xcassets */,
				3FF4A1CC29DE583D00A30D6F /* Preview Content */,
			);
			path = NYLE;
			sourceTree = "<group>";
		};
		3FF4A1CC29DE583D00A30D6F /* Preview Content */ = {
			isa = PBXGroup;
			children = (
				3FF4A1CD29DE583D00A30D6F /* Preview Assets.xcassets */,
			);
			path = "Preview Content";
			sourceTree = "<group>";
		};
		3FF4A1D529DE64D800A30D6F /* View */ = {
			isa = PBXGroup;
			children = (
				A044C8A829E0F85000A40824 /* FarmerSignUpButton.swift */,
				A01AED9E29E24F3500C87B77 /* OwnerSignUpButton.swift */,
				A01AEDA029E25B0100C87B77 /* CustomShapeView.swift */,
				A01FC37829E3966C000C0170 /* SignInButtonView.swift */,
				A003F0632A079C34003625D9 /* LogoView.swift */,
				3F6B60952A025F7300BB46C9 /* LogoView.swift */,
			);
			path = View;
			sourceTree = "<group>";
		};
		3FF4A1D629DE64E600A30D6F /* App */ = {
			isa = PBXGroup;
			children = (
				3FF4A1C829DE583B00A30D6F /* ContentView.swift */,
				3F259C7329E487E000F83385 /* MainView.swift */,
				3F6B608F29FF634E00BB46C9 /* LandDetailView.swift */,
				3FF4A1C629DE583B00A30D6F /* NYLEApp.swift */,
				3FF4A1D929DE667100A30D6F /* AccountType.swift */,
				3FF4A1DB29DE66A800A30D6F /* FarmerSignUp.swift */,
				3FF4A1DD29DE66E400A30D6F /* OwnerSignUp.swift */,
				3F259C6D29E4873C00F83385 /* AgriculturalLandView.swift */,
				3F259C6F29E4875800F83385 /* AgriculturalEquipmentView.swift */,
				3F259C7129E4879E00F83385 /* ProfileView.swift */,
			);
			path = App;
			sourceTree = "<group>";
		};
		77D5A77A2A0ACC3000AAC30A /* OwnerSide */ = {
			isa = PBXGroup;
			children = (
				77D5A7782A0ACC1400AAC30A /* OwnerUIView.swift */,
			);
			path = OwnerSide;
			sourceTree = "<group>";
		};
		A003F04C2A06630C003625D9 /* Models */ = {
			isa = PBXGroup;
			children = (
				A003F04D2A066320003625D9 /* Model.swift */,
				A003F0542A076B73003625D9 /* Farmers.swift */,
				A003F0562A076B7E003625D9 /* Owners.swift */,
				A003F0582A076B89003625D9 /* Lands.swift */,
				A003F05A2A076BA7003625D9 /* Equipment.swift */,
			);
			path = Models;
			sourceTree = "<group>";
		};
		A003F04F2A066436003625D9 /* Extensions */ = {
			isa = PBXGroup;
			children = (
				A003F0502A06644F003625D9 /* String+Extensions.swift */,
			);
			path = Extensions;
			sourceTree = "<group>";
		};
		A003F0522A0664DB003625D9 /* Login */ = {
			isa = PBXGroup;
			children = (
				3FF4A1D729DE665900A30D6F /* LoginView.swift */,
				A003F05C2A076CA4003625D9 /* ViewModel */,
				A003F04F2A066436003625D9 /* Extensions */,
				A003F04C2A06630C003625D9 /* Models */,
			);
			path = Login;
			sourceTree = "<group>";
		};
		A003F0532A0664F7003625D9 /* Registration */ = {
			isa = PBXGroup;
			children = (
				3F8CDF6229DEA0CA002B4946 /* FarmerSignUpView.swift */,
				A0BA0BAE29ECB33300F9E025 /* OwnerSignUpView.swift */,
			);
			path = Registration;
			sourceTree = "<group>";
		};
		A003F05C2A076CA4003625D9 /* ViewModel */ = {
			isa = PBXGroup;
			children = (
				A003F05D2A076E1C003625D9 /* FarmersViewModel.swift */,
				A003F05F2A076E2E003625D9 /* OwnersViewModel.swift */,
			);
			path = ViewModel;
			sourceTree = "<group>";
		};
/* End PBXGroup section */

/* Begin PBXNativeTarget section */
		3FF4A1C229DE583B00A30D6F /* NYLE */ = {
			isa = PBXNativeTarget;
			buildConfigurationList = 3FF4A1D129DE583D00A30D6F /* Build configuration list for PBXNativeTarget "NYLE" */;
			buildPhases = (
				3FF4A1BF29DE583B00A30D6F /* Sources */,
				3FF4A1C029DE583B00A30D6F /* Frameworks */,
				3FF4A1C129DE583B00A30D6F /* Resources */,
			);
			buildRules = (
			);
			dependencies = (
			);
			name = NYLE;
			packageProductDependencies = (
				A003F0442A0662ED003625D9 /* FirebaseAuth */,
				A003F0462A0662ED003625D9 /* FirebaseFirestore */,
				A003F0482A0662ED003625D9 /* FirebaseFirestoreSwift */,
				A003F04A2A0662ED003625D9 /* FirebaseStorage */,
			);
			productName = NYLE;
			productReference = 3FF4A1C329DE583B00A30D6F /* NYLE.app */;
			productType = "com.apple.product-type.application";
		};
/* End PBXNativeTarget section */

/* Begin PBXProject section */
		3FF4A1BB29DE583B00A30D6F /* Project object */ = {
			isa = PBXProject;
			attributes = {
				BuildIndependentTargetsInParallel = 1;
				LastSwiftUpdateCheck = 1430;
				LastUpgradeCheck = 1430;
				TargetAttributes = {
					3FF4A1C229DE583B00A30D6F = {
						CreatedOnToolsVersion = 14.3;
					};
				};
			};
			buildConfigurationList = 3FF4A1BE29DE583B00A30D6F /* Build configuration list for PBXProject "NYLE" */;
			compatibilityVersion = "Xcode 14.0";
			developmentRegion = en;
			hasScannedForEncodings = 0;
			knownRegions = (
				en,
				Base,
			);
			mainGroup = 3FF4A1BA29DE583B00A30D6F;
			packageReferences = (
				A003F0432A0662ED003625D9 /* XCRemoteSwiftPackageReference "firebase-ios-sdk" */,
			);
			productRefGroup = 3FF4A1C429DE583B00A30D6F /* Products */;
			projectDirPath = "";
			projectRoot = "";
			targets = (
				3FF4A1C229DE583B00A30D6F /* NYLE */,
			);
		};
/* End PBXProject section */

/* Begin PBXResourcesBuildPhase section */
		3FF4A1C129DE583B00A30D6F /* Resources */ = {
			isa = PBXResourcesBuildPhase;
			buildActionMask = 2147483647;
			files = (
				3F8CDF5E29DE9E34002B4946 /* OFL.txt in Resources */,
				3F8CDF5A29DE9E34002B4946 /* Tajawal-Regular.ttf in Resources */,
				3F3777402A0540E4009BA47B /* category.json in Resources */,
				3FF4A1CE29DE583D00A30D6F /* Preview Assets.xcassets in Resources */,
				3FF4A1CB29DE583D00A30D6F /* Assets.xcassets in Resources */,
				3F8CDF5C29DE9E34002B4946 /* Tajawal-Medium.ttf in Resources */,
				3F8CDF5D29DE9E34002B4946 /* Tajawal-Light.ttf in Resources */,
				3F8CDF5B29DE9E34002B4946 /* Tajawal-ExtraBold.ttf in Resources */,
				3F8CDF6029DE9E34002B4946 /* Tajawal-Bold.ttf in Resources */,
				A003F0422A066215003625D9 /* GoogleService-Info.plist in Resources */,
				3F8CDF5F29DE9E34002B4946 /* Tajawal-ExtraLight.ttf in Resources */,
				3F8CDF6129DE9E34002B4946 /* Tajawal-Black.ttf in Resources */,
			);
			runOnlyForDeploymentPostprocessing = 0;
		};
/* End PBXResourcesBuildPhase section */

/* Begin PBXSourcesBuildPhase section */
		3FF4A1BF29DE583B00A30D6F /* Sources */ = {
			isa = PBXSourcesBuildPhase;
			buildActionMask = 2147483647;
			files = (
				3F6B609029FF634E00BB46C9 /* LandDetailView.swift in Sources */,
				A0BA0BAF29ECB33300F9E025 /* OwnerSignUpView.swift in Sources */,
				3F6B60922A02551800BB46C9 /* FooterView.swift in Sources */,
				3F3777482A054D83009BA47B /* TitleView.swift in Sources */,
				3F259C7029E4875800F83385 /* AgriculturalEquipmentView.swift in Sources */,
				A01AED9F29E24F3500C87B77 /* OwnerSignUpButton.swift in Sources */,
				A003F0552A076B73003625D9 /* Farmers.swift in Sources */,
				3F6B60962A025F7300BB46C9 /* LogoView.swift in Sources */,
				3FF4A1D829DE665A00A30D6F /* LoginView.swift in Sources */,
				3F3777352A053827009BA47B /* CategoryModel.swift in Sources */,
				3F37773C2A053B47009BA47B /* CodableBundleExtension.swift in Sources */,
				3FF4A1DE29DE66E400A30D6F /* OwnerSignUp.swift in Sources */,
				3F259C7229E4879E00F83385 /* ProfileView.swift in Sources */,
				A01AEDA129E25B0100C87B77 /* CustomShapeView.swift in Sources */,
				A044C8A929E0F85000A40824 /* FarmerSignUpButton.swift in Sources */,
				A003F04E2A066320003625D9 /* Model.swift in Sources */,
				3FF4A1C929DE583B00A30D6F /* ContentView.swift in Sources */,
				A003F05E2A076E1C003625D9 /* FarmersViewModel.swift in Sources */,
				A01FC37929E3966C000C0170 /* SignInButtonView.swift in Sources */,
				3FF4A1C729DE583B00A30D6F /* NYLEApp.swift in Sources */,
				A003F0512A06644F003625D9 /* String+Extensions.swift in Sources */,
				A003F0572A076B7E003625D9 /* Owners.swift in Sources */,
				A003F0592A076B89003625D9 /* Lands.swift in Sources */,
				3F6B60942A025DC900BB46C9 /* NavigationBarView.swift in Sources */,
				3F37773E2A053BF7009BA47B /* Constant.swift in Sources */,
				3F259C7429E487E000F83385 /* MainView.swift in Sources */,
				A003F0602A076E2E003625D9 /* OwnersViewModel.swift in Sources */,
				3F8CDF6329DEA0CA002B4946 /* FarmerSignUpView.swift in Sources */,
				A003F0642A079C34003625D9 /* LogoView.swift in Sources */,
				A003F05B2A076BA7003625D9 /* Equipment.swift in Sources */,
				77D5A7792A0ACC1400AAC30A /* OwnerUIView.swift in Sources */,
				3F3777442A05457E009BA47B /* SectionView.swift in Sources */,
				3F3777422A054504009BA47B /* CategoryGridView.swift in Sources */,
				3FF4A1DA29DE667100A30D6F /* AccountType.swift in Sources */,
				3F3777382A05398D009BA47B /* CategoryItemView.swift in Sources */,
				3F6B60992A028BE300BB46C9 /* NavigationBarDetailView.swift in Sources */,
				3F259C6E29E4873C00F83385 /* AgriculturalLandView.swift in Sources */,
				3FF4A1DC29DE66A800A30D6F /* FarmerSignUp.swift in Sources */,
			);
			runOnlyForDeploymentPostprocessing = 0;
		};
/* End PBXSourcesBuildPhase section */

/* Begin XCBuildConfiguration section */
		3FF4A1CF29DE583D00A30D6F /* Debug */ = {
			isa = XCBuildConfiguration;
			buildSettings = {
				ALWAYS_SEARCH_USER_PATHS = NO;
				CLANG_ANALYZER_NONNULL = YES;
				CLANG_ANALYZER_NUMBER_OBJECT_CONVERSION = YES_AGGRESSIVE;
				CLANG_CXX_LANGUAGE_STANDARD = "gnu++20";
				CLANG_ENABLE_MODULES = YES;
				CLANG_ENABLE_OBJC_ARC = YES;
				CLANG_ENABLE_OBJC_WEAK = YES;
				CLANG_WARN_BLOCK_CAPTURE_AUTORELEASING = YES;
				CLANG_WARN_BOOL_CONVERSION = YES;
				CLANG_WARN_COMMA = YES;
				CLANG_WARN_CONSTANT_CONVERSION = YES;
				CLANG_WARN_DEPRECATED_OBJC_IMPLEMENTATIONS = YES;
				CLANG_WARN_DIRECT_OBJC_ISA_USAGE = YES_ERROR;
				CLANG_WARN_DOCUMENTATION_COMMENTS = YES;
				CLANG_WARN_EMPTY_BODY = YES;
				CLANG_WARN_ENUM_CONVERSION = YES;
				CLANG_WARN_INFINITE_RECURSION = YES;
				CLANG_WARN_INT_CONVERSION = YES;
				CLANG_WARN_NON_LITERAL_NULL_CONVERSION = YES;
				CLANG_WARN_OBJC_IMPLICIT_RETAIN_SELF = YES;
				CLANG_WARN_OBJC_LITERAL_CONVERSION = YES;
				CLANG_WARN_OBJC_ROOT_CLASS = YES_ERROR;
				CLANG_WARN_QUOTED_INCLUDE_IN_FRAMEWORK_HEADER = YES;
				CLANG_WARN_RANGE_LOOP_ANALYSIS = YES;
				CLANG_WARN_STRICT_PROTOTYPES = YES;
				CLANG_WARN_SUSPICIOUS_MOVE = YES;
				CLANG_WARN_UNGUARDED_AVAILABILITY = YES_AGGRESSIVE;
				CLANG_WARN_UNREACHABLE_CODE = YES;
				CLANG_WARN__DUPLICATE_METHOD_MATCH = YES;
				COPY_PHASE_STRIP = NO;
				DEBUG_INFORMATION_FORMAT = dwarf;
				ENABLE_STRICT_OBJC_MSGSEND = YES;
				ENABLE_TESTABILITY = YES;
				GCC_C_LANGUAGE_STANDARD = gnu11;
				GCC_DYNAMIC_NO_PIC = NO;
				GCC_NO_COMMON_BLOCKS = YES;
				GCC_OPTIMIZATION_LEVEL = 0;
				GCC_PREPROCESSOR_DEFINITIONS = (
					"DEBUG=1",
					"$(inherited)",
				);
				GCC_WARN_64_TO_32_BIT_CONVERSION = YES;
				GCC_WARN_ABOUT_RETURN_TYPE = YES_ERROR;
				GCC_WARN_UNDECLARED_SELECTOR = YES;
				GCC_WARN_UNINITIALIZED_AUTOS = YES_AGGRESSIVE;
				GCC_WARN_UNUSED_FUNCTION = YES;
				GCC_WARN_UNUSED_VARIABLE = YES;
				IPHONEOS_DEPLOYMENT_TARGET = 16.4;
				MTL_ENABLE_DEBUG_INFO = INCLUDE_SOURCE;
				MTL_FAST_MATH = YES;
				ONLY_ACTIVE_ARCH = YES;
				SDKROOT = iphoneos;
				SWIFT_ACTIVE_COMPILATION_CONDITIONS = DEBUG;
				SWIFT_OPTIMIZATION_LEVEL = "-Onone";
			};
			name = Debug;
		};
		3FF4A1D029DE583D00A30D6F /* Release */ = {
			isa = XCBuildConfiguration;
			buildSettings = {
				ALWAYS_SEARCH_USER_PATHS = NO;
				CLANG_ANALYZER_NONNULL = YES;
				CLANG_ANALYZER_NUMBER_OBJECT_CONVERSION = YES_AGGRESSIVE;
				CLANG_CXX_LANGUAGE_STANDARD = "gnu++20";
				CLANG_ENABLE_MODULES = YES;
				CLANG_ENABLE_OBJC_ARC = YES;
				CLANG_ENABLE_OBJC_WEAK = YES;
				CLANG_WARN_BLOCK_CAPTURE_AUTORELEASING = YES;
				CLANG_WARN_BOOL_CONVERSION = YES;
				CLANG_WARN_COMMA = YES;
				CLANG_WARN_CONSTANT_CONVERSION = YES;
				CLANG_WARN_DEPRECATED_OBJC_IMPLEMENTATIONS = YES;
				CLANG_WARN_DIRECT_OBJC_ISA_USAGE = YES_ERROR;
				CLANG_WARN_DOCUMENTATION_COMMENTS = YES;
				CLANG_WARN_EMPTY_BODY = YES;
				CLANG_WARN_ENUM_CONVERSION = YES;
				CLANG_WARN_INFINITE_RECURSION = YES;
				CLANG_WARN_INT_CONVERSION = YES;
				CLANG_WARN_NON_LITERAL_NULL_CONVERSION = YES;
				CLANG_WARN_OBJC_IMPLICIT_RETAIN_SELF = YES;
				CLANG_WARN_OBJC_LITERAL_CONVERSION = YES;
				CLANG_WARN_OBJC_ROOT_CLASS = YES_ERROR;
				CLANG_WARN_QUOTED_INCLUDE_IN_FRAMEWORK_HEADER = YES;
				CLANG_WARN_RANGE_LOOP_ANALYSIS = YES;
				CLANG_WARN_STRICT_PROTOTYPES = YES;
				CLANG_WARN_SUSPICIOUS_MOVE = YES;
				CLANG_WARN_UNGUARDED_AVAILABILITY = YES_AGGRESSIVE;
				CLANG_WARN_UNREACHABLE_CODE = YES;
				CLANG_WARN__DUPLICATE_METHOD_MATCH = YES;
				COPY_PHASE_STRIP = NO;
				DEBUG_INFORMATION_FORMAT = "dwarf-with-dsym";
				ENABLE_NS_ASSERTIONS = NO;
				ENABLE_STRICT_OBJC_MSGSEND = YES;
				GCC_C_LANGUAGE_STANDARD = gnu11;
				GCC_NO_COMMON_BLOCKS = YES;
				GCC_WARN_64_TO_32_BIT_CONVERSION = YES;
				GCC_WARN_ABOUT_RETURN_TYPE = YES_ERROR;
				GCC_WARN_UNDECLARED_SELECTOR = YES;
				GCC_WARN_UNINITIALIZED_AUTOS = YES_AGGRESSIVE;
				GCC_WARN_UNUSED_FUNCTION = YES;
				GCC_WARN_UNUSED_VARIABLE = YES;
				IPHONEOS_DEPLOYMENT_TARGET = 16.4;
				MTL_ENABLE_DEBUG_INFO = NO;
				MTL_FAST_MATH = YES;
				SDKROOT = iphoneos;
				SWIFT_COMPILATION_MODE = wholemodule;
				SWIFT_OPTIMIZATION_LEVEL = "-O";
				VALIDATE_PRODUCT = YES;
			};
			name = Release;
		};
		3FF4A1D229DE583D00A30D6F /* Debug */ = {
			isa = XCBuildConfiguration;
			buildSettings = {
				ASSETCATALOG_COMPILER_APPICON_NAME = AppIcon;
				ASSETCATALOG_COMPILER_GLOBAL_ACCENT_COLOR_NAME = AccentColor;
				CODE_SIGN_STYLE = Automatic;
				CURRENT_PROJECT_VERSION = 1;
				DEVELOPMENT_ASSET_PATHS = "\"NYLE/Preview Content\"";
				DEVELOPMENT_TEAM = AWD5QVC6A8;
				ENABLE_PREVIEWS = YES;
				GENERATE_INFOPLIST_FILE = YES;
				INFOPLIST_FILE = NYLE/Info.plist;
				INFOPLIST_KEY_UIApplicationSupportsIndirectInputEvents = YES;
				INFOPLIST_KEY_UISupportedInterfaceOrientations = UIInterfaceOrientationPortrait;
				INFOPLIST_KEY_UISupportedInterfaceOrientations_iPad = "UIInterfaceOrientationLandscapeLeft UIInterfaceOrientationLandscapeRight UIInterfaceOrientationPortrait UIInterfaceOrientationPortraitUpsideDown";
				LD_RUNPATH_SEARCH_PATHS = (
					"$(inherited)",
					"@executable_path/Frameworks",
				);
				MARKETING_VERSION = 1.0;
				PRODUCT_BUNDLE_IDENTIFIER = co.nyle.NYLE;
				PRODUCT_NAME = "$(TARGET_NAME)";
				SWIFT_EMIT_LOC_STRINGS = YES;
				SWIFT_VERSION = 5.0;
				TARGETED_DEVICE_FAMILY = "1,2";
			};
			name = Debug;
		};
		3FF4A1D329DE583D00A30D6F /* Release */ = {
			isa = XCBuildConfiguration;
			buildSettings = {
				ASSETCATALOG_COMPILER_APPICON_NAME = AppIcon;
				ASSETCATALOG_COMPILER_GLOBAL_ACCENT_COLOR_NAME = AccentColor;
				CODE_SIGN_STYLE = Automatic;
				CURRENT_PROJECT_VERSION = 1;
				DEVELOPMENT_ASSET_PATHS = "\"NYLE/Preview Content\"";
				DEVELOPMENT_TEAM = AWD5QVC6A8;
				ENABLE_PREVIEWS = YES;
				GENERATE_INFOPLIST_FILE = YES;
				INFOPLIST_FILE = NYLE/Info.plist;
				INFOPLIST_KEY_UIApplicationSupportsIndirectInputEvents = YES;
				INFOPLIST_KEY_UISupportedInterfaceOrientations = UIInterfaceOrientationPortrait;
				INFOPLIST_KEY_UISupportedInterfaceOrientations_iPad = "UIInterfaceOrientationLandscapeLeft UIInterfaceOrientationLandscapeRight UIInterfaceOrientationPortrait UIInterfaceOrientationPortraitUpsideDown";
				LD_RUNPATH_SEARCH_PATHS = (
					"$(inherited)",
					"@executable_path/Frameworks",
				);
				MARKETING_VERSION = 1.0;
				PRODUCT_BUNDLE_IDENTIFIER = co.nyle.NYLE;
				PRODUCT_NAME = "$(TARGET_NAME)";
				SWIFT_EMIT_LOC_STRINGS = YES;
				SWIFT_VERSION = 5.0;
				TARGETED_DEVICE_FAMILY = "1,2";
			};
			name = Release;
		};
/* End XCBuildConfiguration section */

/* Begin XCConfigurationList section */
		3FF4A1BE29DE583B00A30D6F /* Build configuration list for PBXProject "NYLE" */ = {
			isa = XCConfigurationList;
			buildConfigurations = (
				3FF4A1CF29DE583D00A30D6F /* Debug */,
				3FF4A1D029DE583D00A30D6F /* Release */,
			);
			defaultConfigurationIsVisible = 0;
			defaultConfigurationName = Release;
		};
		3FF4A1D129DE583D00A30D6F /* Build configuration list for PBXNativeTarget "NYLE" */ = {
			isa = XCConfigurationList;
			buildConfigurations = (
				3FF4A1D229DE583D00A30D6F /* Debug */,
				3FF4A1D329DE583D00A30D6F /* Release */,
			);
			defaultConfigurationIsVisible = 0;
			defaultConfigurationName = Release;
		};
/* End XCConfigurationList section */

/* Begin XCRemoteSwiftPackageReference section */
		A003F0432A0662ED003625D9 /* XCRemoteSwiftPackageReference "firebase-ios-sdk" */ = {
			isa = XCRemoteSwiftPackageReference;
			repositoryURL = "https://github.com/firebase/firebase-ios-sdk.git";
			requirement = {
				kind = upToNextMajorVersion;
				minimumVersion = 10.0.0;
			};
		};
/* End XCRemoteSwiftPackageReference section */

/* Begin XCSwiftPackageProductDependency section */
		A003F0442A0662ED003625D9 /* FirebaseAuth */ = {
			isa = XCSwiftPackageProductDependency;
			package = A003F0432A0662ED003625D9 /* XCRemoteSwiftPackageReference "firebase-ios-sdk" */;
			productName = FirebaseAuth;
		};
		A003F0462A0662ED003625D9 /* FirebaseFirestore */ = {
			isa = XCSwiftPackageProductDependency;
			package = A003F0432A0662ED003625D9 /* XCRemoteSwiftPackageReference "firebase-ios-sdk" */;
			productName = FirebaseFirestore;
		};
		A003F0482A0662ED003625D9 /* FirebaseFirestoreSwift */ = {
			isa = XCSwiftPackageProductDependency;
			package = A003F0432A0662ED003625D9 /* XCRemoteSwiftPackageReference "firebase-ios-sdk" */;
			productName = FirebaseFirestoreSwift;
		};
		A003F04A2A0662ED003625D9 /* FirebaseStorage */ = {
			isa = XCSwiftPackageProductDependency;
			package = A003F0432A0662ED003625D9 /* XCRemoteSwiftPackageReference "firebase-ios-sdk" */;
			productName = FirebaseStorage;
		};
/* End XCSwiftPackageProductDependency section */
	};
	rootObject = 3FF4A1BB29DE583B00A30D6F /* Project object */;
}
