// !$*UTF8*$!
{
	archiveVersion = 1;
	classes = {
	};
	objectVersion = 56;
	objects = {

/* Begin PBXBuildFile section */
		3F8CDF5A29DE9E34002B4946 /* Tajawal-Regular.ttf in Resources */ = {isa = PBXBuildFile; fileRef = 3F8CDF5229DE9E33002B4946 /* Tajawal-Regular.ttf */; };
		3F8CDF5B29DE9E34002B4946 /* Tajawal-ExtraBold.ttf in Resources */ = {isa = PBXBuildFile; fileRef = 3F8CDF5329DE9E33002B4946 /* Tajawal-ExtraBold.ttf */; };
		3F8CDF5C29DE9E34002B4946 /* Tajawal-Medium.ttf in Resources */ = {isa = PBXBuildFile; fileRef = 3F8CDF5429DE9E34002B4946 /* Tajawal-Medium.ttf */; };
		3F8CDF5D29DE9E34002B4946 /* Tajawal-Light.ttf in Resources */ = {isa = PBXBuildFile; fileRef = 3F8CDF5529DE9E34002B4946 /* Tajawal-Light.ttf */; };
		3F8CDF5E29DE9E34002B4946 /* OFL.txt in Resources */ = {isa = PBXBuildFile; fileRef = 3F8CDF5629DE9E34002B4946 /* OFL.txt */; };
		3F8CDF5F29DE9E34002B4946 /* Tajawal-ExtraLight.ttf in Resources */ = {isa = PBXBuildFile; fileRef = 3F8CDF5729DE9E34002B4946 /* Tajawal-ExtraLight.ttf */; };
		3F8CDF6029DE9E34002B4946 /* Tajawal-Bold.ttf in Resources */ = {isa = PBXBuildFile; fileRef = 3F8CDF5829DE9E34002B4946 /* Tajawal-Bold.ttf */; };
		3F8CDF6129DE9E34002B4946 /* Tajawal-Black.ttf in Resources */ = {isa = PBXBuildFile; fileRef = 3F8CDF5929DE9E34002B4946 /* Tajawal-Black.ttf */; };
		3F8CDF6329DEA0CA002B4946 /* FarmerSignUpView.swift in Sources */ = {isa = PBXBuildFile; fileRef = 3F8CDF6229DEA0CA002B4946 /* FarmerSignUpView.swift */; };
		3FF4A1C729DE583B00A30D6F /* NYLEApp.swift in Sources */ = {isa = PBXBuildFile; fileRef = 3FF4A1C629DE583B00A30D6F /* NYLEApp.swift */; };
		3FF4A1C929DE583B00A30D6F /* ContentView.swift in Sources */ = {isa = PBXBuildFile; fileRef = 3FF4A1C829DE583B00A30D6F /* ContentView.swift */; };
		3FF4A1CB29DE583D00A30D6F /* Assets.xcassets in Resources */ = {isa = PBXBuildFile; fileRef = 3FF4A1CA29DE583D00A30D6F /* Assets.xcassets */; };
		3FF4A1CE29DE583D00A30D6F /* Preview Assets.xcassets in Resources */ = {isa = PBXBuildFile; fileRef = 3FF4A1CD29DE583D00A30D6F /* Preview Assets.xcassets */; };
		3FF4A1D829DE665A00A30D6F /* Login.swift in Sources */ = {isa = PBXBuildFile; fileRef = 3FF4A1D729DE665900A30D6F /* Login.swift */; };
		3FF4A1DA29DE667100A30D6F /* AccountType.swift in Sources */ = {isa = PBXBuildFile; fileRef = 3FF4A1D929DE667100A30D6F /* AccountType.swift */; };
		3FF4A1DC29DE66A800A30D6F /* FarmerSignUp.swift in Sources */ = {isa = PBXBuildFile; fileRef = 3FF4A1DB29DE66A800A30D6F /* FarmerSignUp.swift */; };
		3FF4A1DE29DE66E400A30D6F /* OwnerSignUp.swift in Sources */ = {isa = PBXBuildFile; fileRef = 3FF4A1DD29DE66E400A30D6F /* OwnerSignUp.swift */; };
/* End PBXBuildFile section */

/* Begin PBXFileReference section */
		3F8CDF5229DE9E33002B4946 /* Tajawal-Regular.ttf */ = {isa = PBXFileReference; lastKnownFileType = file; path = "Tajawal-Regular.ttf"; sourceTree = "<group>"; };
		3F8CDF5329DE9E33002B4946 /* Tajawal-ExtraBold.ttf */ = {isa = PBXFileReference; lastKnownFileType = file; path = "Tajawal-ExtraBold.ttf"; sourceTree = "<group>"; };
		3F8CDF5429DE9E34002B4946 /* Tajawal-Medium.ttf */ = {isa = PBXFileReference; lastKnownFileType = file; path = "Tajawal-Medium.ttf"; sourceTree = "<group>"; };
		3F8CDF5529DE9E34002B4946 /* Tajawal-Light.ttf */ = {isa = PBXFileReference; lastKnownFileType = file; path = "Tajawal-Light.ttf"; sourceTree = "<group>"; };
		3F8CDF5629DE9E34002B4946 /* OFL.txt */ = {isa = PBXFileReference; fileEncoding = 4; lastKnownFileType = text; path = OFL.txt; sourceTree = "<group>"; };
		3F8CDF5729DE9E34002B4946 /* Tajawal-ExtraLight.ttf */ = {isa = PBXFileReference; lastKnownFileType = file; path = "Tajawal-ExtraLight.ttf"; sourceTree = "<group>"; };
		3F8CDF5829DE9E34002B4946 /* Tajawal-Bold.ttf */ = {isa = PBXFileReference; lastKnownFileType = file; path = "Tajawal-Bold.ttf"; sourceTree = "<group>"; };
		3F8CDF5929DE9E34002B4946 /* Tajawal-Black.ttf */ = {isa = PBXFileReference; lastKnownFileType = file; path = "Tajawal-Black.ttf"; sourceTree = "<group>"; };
		3F8CDF6229DEA0CA002B4946 /* FarmerSignUpView.swift */ = {isa = PBXFileReference; lastKnownFileType = sourcecode.swift; path = FarmerSignUpView.swift; sourceTree = "<group>"; };
		3FF4A1C329DE583B00A30D6F /* NYLE.app */ = {isa = PBXFileReference; explicitFileType = wrapper.application; includeInIndex = 0; path = NYLE.app; sourceTree = BUILT_PRODUCTS_DIR; };
		3FF4A1C629DE583B00A30D6F /* NYLEApp.swift */ = {isa = PBXFileReference; lastKnownFileType = sourcecode.swift; path = NYLEApp.swift; sourceTree = "<group>"; };
		3FF4A1C829DE583B00A30D6F /* ContentView.swift */ = {isa = PBXFileReference; lastKnownFileType = sourcecode.swift; path = ContentView.swift; sourceTree = "<group>"; };
		3FF4A1CA29DE583D00A30D6F /* Assets.xcassets */ = {isa = PBXFileReference; lastKnownFileType = folder.assetcatalog; path = Assets.xcassets; sourceTree = "<group>"; };
		3FF4A1CD29DE583D00A30D6F /* Preview Assets.xcassets */ = {isa = PBXFileReference; lastKnownFileType = folder.assetcatalog; path = "Preview Assets.xcassets"; sourceTree = "<group>"; };
		3FF4A1D429DE591A00A30D6F /* Info.plist */ = {isa = PBXFileReference; lastKnownFileType = text.plist; path = Info.plist; sourceTree = "<group>"; };
		3FF4A1D729DE665900A30D6F /* Login.swift */ = {isa = PBXFileReference; lastKnownFileType = sourcecode.swift; path = Login.swift; sourceTree = "<group>"; };
		3FF4A1D929DE667100A30D6F /* AccountType.swift */ = {isa = PBXFileReference; lastKnownFileType = sourcecode.swift; path = AccountType.swift; sourceTree = "<group>"; };
		3FF4A1DB29DE66A800A30D6F /* FarmerSignUp.swift */ = {isa = PBXFileReference; lastKnownFileType = sourcecode.swift; path = FarmerSignUp.swift; sourceTree = "<group>"; };
		3FF4A1DD29DE66E400A30D6F /* OwnerSignUp.swift */ = {isa = PBXFileReference; lastKnownFileType = sourcecode.swift; path = OwnerSignUp.swift; sourceTree = "<group>"; };
/* End PBXFileReference section */

/* Begin PBXFrameworksBuildPhase section */
		3FF4A1C029DE583B00A30D6F /* Frameworks */ = {
			isa = PBXFrameworksBuildPhase;
			buildActionMask = 2147483647;
			files = (
			);
			runOnlyForDeploymentPostprocessing = 0;
		};
/* End PBXFrameworksBuildPhase section */

/* Begin PBXGroup section */
		3F8CDF5129DE9E1A002B4946 /* Fonts */ = {
			isa = PBXGroup;
			children = (
				3F8CDF5629DE9E34002B4946 /* OFL.txt */,
				3F8CDF5929DE9E34002B4946 /* Tajawal-Black.ttf */,
				3F8CDF5829DE9E34002B4946 /* Tajawal-Bold.ttf */,
				3F8CDF5329DE9E33002B4946 /* Tajawal-ExtraBold.ttf */,
				3F8CDF5729DE9E34002B4946 /* Tajawal-ExtraLight.ttf */,
				3F8CDF5529DE9E34002B4946 /* Tajawal-Light.ttf */,
				3F8CDF5429DE9E34002B4946 /* Tajawal-Medium.ttf */,
				3F8CDF5229DE9E33002B4946 /* Tajawal-Regular.ttf */,
			);
			path = Fonts;
			sourceTree = "<group>";
		};
		3FF4A1BA29DE583B00A30D6F = {
			isa = PBXGroup;
			children = (
				3FF4A1C529DE583B00A30D6F /* NYLE */,
				3FF4A1C429DE583B00A30D6F /* Products */,
			);
			sourceTree = "<group>";
		};
		3FF4A1C429DE583B00A30D6F /* Products */ = {
			isa = PBXGroup;
			children = (
				3FF4A1C329DE583B00A30D6F /* NYLE.app */,
			);
			name = Products;
			sourceTree = "<group>";
		};
		3FF4A1C529DE583B00A30D6F /* NYLE */ = {
			isa = PBXGroup;
			children = (
				3F8CDF5129DE9E1A002B4946 /* Fonts */,
				3FF4A1D629DE64E600A30D6F /* App */,
				3FF4A1D529DE64D800A30D6F /* View */,
				3FF4A1D429DE591A00A30D6F /* Info.plist */,
				3FF4A1CA29DE583D00A30D6F /* Assets.xcassets */,
				3FF4A1CC29DE583D00A30D6F /* Preview Content */,
			);
			path = NYLE;
			sourceTree = "<group>";
		};
		3FF4A1CC29DE583D00A30D6F /* Preview Content */ = {
			isa = PBXGroup;
			children = (
				3FF4A1CD29DE583D00A30D6F /* Preview Assets.xcassets */,
			);
			path = "Preview Content";
			sourceTree = "<group>";
		};
		3FF4A1D529DE64D800A30D6F /* View */ = {
			isa = PBXGroup;
			children = (
				3F8CDF6229DEA0CA002B4946 /* FarmerSignUpView.swift */,
			);
			path = View;
			sourceTree = "<group>";
		};
		3FF4A1D629DE64E600A30D6F /* App */ = {
			isa = PBXGroup;
			children = (
				3FF4A1C829DE583B00A30D6F /* ContentView.swift */,
				3FF4A1C629DE583B00A30D6F /* NYLEApp.swift */,
				3FF4A1D729DE665900A30D6F /* Login.swift */,
				3FF4A1D929DE667100A30D6F /* AccountType.swift */,
				3FF4A1DB29DE66A800A30D6F /* FarmerSignUp.swift */,
				3FF4A1DD29DE66E400A30D6F /* OwnerSignUp.swift */,
			);
			path = App;
			sourceTree = "<group>";
		};
/* End PBXGroup section */

/* Begin PBXNativeTarget section */
		3FF4A1C229DE583B00A30D6F /* NYLE */ = {
			isa = PBXNativeTarget;
			buildConfigurationList = 3FF4A1D129DE583D00A30D6F /* Build configuration list for PBXNativeTarget "NYLE" */;
			buildPhases = (
				3FF4A1BF29DE583B00A30D6F /* Sources */,
				3FF4A1C029DE583B00A30D6F /* Frameworks */,
				3FF4A1C129DE583B00A30D6F /* Resources */,
			);
			buildRules = (
			);
			dependencies = (
			);
			name = NYLE;
			productName = NYLE;
			productReference = 3FF4A1C329DE583B00A30D6F /* NYLE.app */;
			productType = "com.apple.product-type.application";
		};
/* End PBXNativeTarget section */

/* Begin PBXProject section */
		3FF4A1BB29DE583B00A30D6F /* Project object */ = {
			isa = PBXProject;
			attributes = {
				BuildIndependentTargetsInParallel = 1;
				LastSwiftUpdateCheck = 1430;
				LastUpgradeCheck = 1430;
				TargetAttributes = {
					3FF4A1C229DE583B00A30D6F = {
						CreatedOnToolsVersion = 14.3;
					};
				};
			};
			buildConfigurationList = 3FF4A1BE29DE583B00A30D6F /* Build configuration list for PBXProject "NYLE" */;
			compatibilityVersion = "Xcode 14.0";
			developmentRegion = en;
			hasScannedForEncodings = 0;
			knownRegions = (
				en,
				Base,
			);
			mainGroup = 3FF4A1BA29DE583B00A30D6F;
			productRefGroup = 3FF4A1C429DE583B00A30D6F /* Products */;
			projectDirPath = "";
			projectRoot = "";
			targets = (
				3FF4A1C229DE583B00A30D6F /* NYLE */,
			);
		};
/* End PBXProject section */

/* Begin PBXResourcesBuildPhase section */
		3FF4A1C129DE583B00A30D6F /* Resources */ = {
			isa = PBXResourcesBuildPhase;
			buildActionMask = 2147483647;
			files = (
				3F8CDF5E29DE9E34002B4946 /* OFL.txt in Resources */,
				3F8CDF5A29DE9E34002B4946 /* Tajawal-Regular.ttf in Resources */,
				3FF4A1CE29DE583D00A30D6F /* Preview Assets.xcassets in Resources */,
				3FF4A1CB29DE583D00A30D6F /* Assets.xcassets in Resources */,
				3F8CDF5C29DE9E34002B4946 /* Tajawal-Medium.ttf in Resources */,
				3F8CDF5D29DE9E34002B4946 /* Tajawal-Light.ttf in Resources */,
				3F8CDF5B29DE9E34002B4946 /* Tajawal-ExtraBold.ttf in Resources */,
				3F8CDF6029DE9E34002B4946 /* Tajawal-Bold.ttf in Resources */,
				3F8CDF5F29DE9E34002B4946 /* Tajawal-ExtraLight.ttf in Resources */,
				3F8CDF6129DE9E34002B4946 /* Tajawal-Black.ttf in Resources */,
			);
			runOnlyForDeploymentPostprocessing = 0;
		};
/* End PBXResourcesBuildPhase section */

/* Begin PBXSourcesBuildPhase section */
		3FF4A1BF29DE583B00A30D6F /* Sources */ = {
			isa = PBXSourcesBuildPhase;
			buildActionMask = 2147483647;
			files = (
				3FF4A1D829DE665A00A30D6F /* Login.swift in Sources */,
				3FF4A1DE29DE66E400A30D6F /* OwnerSignUp.swift in Sources */,
				3FF4A1C929DE583B00A30D6F /* ContentView.swift in Sources */,
				3FF4A1C729DE583B00A30D6F /* NYLEApp.swift in Sources */,
				3F8CDF6329DEA0CA002B4946 /* FarmerSignUpView.swift in Sources */,
				3FF4A1DA29DE667100A30D6F /* AccountType.swift in Sources */,
				3FF4A1DC29DE66A800A30D6F /* FarmerSignUp.swift in Sources */,
			);
			runOnlyForDeploymentPostprocessing = 0;
		};
/* End PBXSourcesBuildPhase section */

/* Begin XCBuildConfiguration section */
		3FF4A1CF29DE583D00A30D6F /* Debug */ = {
			isa = XCBuildConfiguration;
			buildSettings = {
				ALWAYS_SEARCH_USER_PATHS = NO;
				CLANG_ANALYZER_NONNULL = YES;
				CLANG_ANALYZER_NUMBER_OBJECT_CONVERSION = YES_AGGRESSIVE;
				CLANG_CXX_LANGUAGE_STANDARD = "gnu++20";
				CLANG_ENABLE_MODULES = YES;
				CLANG_ENABLE_OBJC_ARC = YES;
				CLANG_ENABLE_OBJC_WEAK = YES;
				CLANG_WARN_BLOCK_CAPTURE_AUTORELEASING = YES;
				CLANG_WARN_BOOL_CONVERSION = YES;
				CLANG_WARN_COMMA = YES;
				CLANG_WARN_CONSTANT_CONVERSION = YES;
				CLANG_WARN_DEPRECATED_OBJC_IMPLEMENTATIONS = YES;
				CLANG_WARN_DIRECT_OBJC_ISA_USAGE = YES_ERROR;
				CLANG_WARN_DOCUMENTATION_COMMENTS = YES;
				CLANG_WARN_EMPTY_BODY = YES;
				CLANG_WARN_ENUM_CONVERSION = YES;
				CLANG_WARN_INFINITE_RECURSION = YES;
				CLANG_WARN_INT_CONVERSION = YES;
				CLANG_WARN_NON_LITERAL_NULL_CONVERSION = YES;
				CLANG_WARN_OBJC_IMPLICIT_RETAIN_SELF = YES;
				CLANG_WARN_OBJC_LITERAL_CONVERSION = YES;
				CLANG_WARN_OBJC_ROOT_CLASS = YES_ERROR;
				CLANG_WARN_QUOTED_INCLUDE_IN_FRAMEWORK_HEADER = YES;
				CLANG_WARN_RANGE_LOOP_ANALYSIS = YES;
				CLANG_WARN_STRICT_PROTOTYPES = YES;
				CLANG_WARN_SUSPICIOUS_MOVE = YES;
				CLANG_WARN_UNGUARDED_AVAILABILITY = YES_AGGRESSIVE;
				CLANG_WARN_UNREACHABLE_CODE = YES;
				CLANG_WARN__DUPLICATE_METHOD_MATCH = YES;
				COPY_PHASE_STRIP = NO;
				DEBUG_INFORMATION_FORMAT = dwarf;
				ENABLE_STRICT_OBJC_MSGSEND = YES;
				ENABLE_TESTABILITY = YES;
				GCC_C_LANGUAGE_STANDARD = gnu11;
				GCC_DYNAMIC_NO_PIC = NO;
				GCC_NO_COMMON_BLOCKS = YES;
				GCC_OPTIMIZATION_LEVEL = 0;
				GCC_PREPROCESSOR_DEFINITIONS = (
					"DEBUG=1",
					"$(inherited)",
				);
				GCC_WARN_64_TO_32_BIT_CONVERSION = YES;
				GCC_WARN_ABOUT_RETURN_TYPE = YES_ERROR;
				GCC_WARN_UNDECLARED_SELECTOR = YES;
				GCC_WARN_UNINITIALIZED_AUTOS = YES_AGGRESSIVE;
				GCC_WARN_UNUSED_FUNCTION = YES;
				GCC_WARN_UNUSED_VARIABLE = YES;
				IPHONEOS_DEPLOYMENT_TARGET = 16.4;
				MTL_ENABLE_DEBUG_INFO = INCLUDE_SOURCE;
				MTL_FAST_MATH = YES;
				ONLY_ACTIVE_ARCH = YES;
				SDKROOT = iphoneos;
				SWIFT_ACTIVE_COMPILATION_CONDITIONS = DEBUG;
				SWIFT_OPTIMIZATION_LEVEL = "-Onone";
			};
			name = Debug;
		};
		3FF4A1D029DE583D00A30D6F /* Release */ = {
			isa = XCBuildConfiguration;
			buildSettings = {
				ALWAYS_SEARCH_USER_PATHS = NO;
				CLANG_ANALYZER_NONNULL = YES;
				CLANG_ANALYZER_NUMBER_OBJECT_CONVERSION = YES_AGGRESSIVE;
				CLANG_CXX_LANGUAGE_STANDARD = "gnu++20";
				CLANG_ENABLE_MODULES = YES;
				CLANG_ENABLE_OBJC_ARC = YES;
				CLANG_ENABLE_OBJC_WEAK = YES;
				CLANG_WARN_BLOCK_CAPTURE_AUTORELEASING = YES;
				CLANG_WARN_BOOL_CONVERSION = YES;
				CLANG_WARN_COMMA = YES;
				CLANG_WARN_CONSTANT_CONVERSION = YES;
				CLANG_WARN_DEPRECATED_OBJC_IMPLEMENTATIONS = YES;
				CLANG_WARN_DIRECT_OBJC_ISA_USAGE = YES_ERROR;
				CLANG_WARN_DOCUMENTATION_COMMENTS = YES;
				CLANG_WARN_EMPTY_BODY = YES;
				CLANG_WARN_ENUM_CONVERSION = YES;
				CLANG_WARN_INFINITE_RECURSION = YES;
				CLANG_WARN_INT_CONVERSION = YES;
				CLANG_WARN_NON_LITERAL_NULL_CONVERSION = YES;
				CLANG_WARN_OBJC_IMPLICIT_RETAIN_SELF = YES;
				CLANG_WARN_OBJC_LITERAL_CONVERSION = YES;
				CLANG_WARN_OBJC_ROOT_CLASS = YES_ERROR;
				CLANG_WARN_QUOTED_INCLUDE_IN_FRAMEWORK_HEADER = YES;
				CLANG_WARN_RANGE_LOOP_ANALYSIS = YES;
				CLANG_WARN_STRICT_PROTOTYPES = YES;
				CLANG_WARN_SUSPICIOUS_MOVE = YES;
				CLANG_WARN_UNGUARDED_AVAILABILITY = YES_AGGRESSIVE;
				CLANG_WARN_UNREACHABLE_CODE = YES;
				CLANG_WARN__DUPLICATE_METHOD_MATCH = YES;
				COPY_PHASE_STRIP = NO;
				DEBUG_INFORMATION_FORMAT = "dwarf-with-dsym";
				ENABLE_NS_ASSERTIONS = NO;
				ENABLE_STRICT_OBJC_MSGSEND = YES;
				GCC_C_LANGUAGE_STANDARD = gnu11;
				GCC_NO_COMMON_BLOCKS = YES;
				GCC_WARN_64_TO_32_BIT_CONVERSION = YES;
				GCC_WARN_ABOUT_RETURN_TYPE = YES_ERROR;
				GCC_WARN_UNDECLARED_SELECTOR = YES;
				GCC_WARN_UNINITIALIZED_AUTOS = YES_AGGRESSIVE;
				GCC_WARN_UNUSED_FUNCTION = YES;
				GCC_WARN_UNUSED_VARIABLE = YES;
				IPHONEOS_DEPLOYMENT_TARGET = 16.4;
				MTL_ENABLE_DEBUG_INFO = NO;
				MTL_FAST_MATH = YES;
				SDKROOT = iphoneos;
				SWIFT_COMPILATION_MODE = wholemodule;
				SWIFT_OPTIMIZATION_LEVEL = "-O";
				VALIDATE_PRODUCT = YES;
			};
			name = Release;
		};
		3FF4A1D229DE583D00A30D6F /* Debug */ = {
			isa = XCBuildConfiguration;
			buildSettings = {
				ASSETCATALOG_COMPILER_APPICON_NAME = AppIcon;
				ASSETCATALOG_COMPILER_GLOBAL_ACCENT_COLOR_NAME = AccentColor;
				CODE_SIGN_STYLE = Automatic;
				CURRENT_PROJECT_VERSION = 1;
				DEVELOPMENT_ASSET_PATHS = "\"NYLE/Preview Content\"";
				ENABLE_PREVIEWS = YES;
				GENERATE_INFOPLIST_FILE = YES;
				INFOPLIST_FILE = NYLE/Info.plist;
				INFOPLIST_KEY_UIApplicationSceneManifest_Generation = YES;
				INFOPLIST_KEY_UIApplicationSupportsIndirectInputEvents = YES;
				INFOPLIST_KEY_UILaunchScreen_Generation = YES;
				INFOPLIST_KEY_UISupportedInterfaceOrientations_iPad = "UIInterfaceOrientationPortrait UIInterfaceOrientationPortraitUpsideDown UIInterfaceOrientationLandscapeLeft UIInterfaceOrientationLandscapeRight";
				INFOPLIST_KEY_UISupportedInterfaceOrientations_iPhone = "UIInterfaceOrientationPortrait UIInterfaceOrientationLandscapeLeft UIInterfaceOrientationLandscapeRight";
				LD_RUNPATH_SEARCH_PATHS = (
					"$(inherited)",
					"@executable_path/Frameworks",
				);
				MARKETING_VERSION = 1.0;
				PRODUCT_BUNDLE_IDENTIFIER = co.nyle.NYLE;
				PRODUCT_NAME = "$(TARGET_NAME)";
				SWIFT_EMIT_LOC_STRINGS = YES;
				SWIFT_VERSION = 5.0;
				TARGETED_DEVICE_FAMILY = "1,2";
			};
			name = Debug;
		};
		3FF4A1D329DE583D00A30D6F /* Release */ = {
			isa = XCBuildConfiguration;
			buildSettings = {
				ASSETCATALOG_COMPILER_APPICON_NAME = AppIcon;
				ASSETCATALOG_COMPILER_GLOBAL_ACCENT_COLOR_NAME = AccentColor;
				CODE_SIGN_STYLE = Automatic;
				CURRENT_PROJECT_VERSION = 1;
				DEVELOPMENT_ASSET_PATHS = "\"NYLE/Preview Content\"";
				ENABLE_PREVIEWS = YES;
				GENERATE_INFOPLIST_FILE = YES;
				INFOPLIST_FILE = NYLE/Info.plist;
				INFOPLIST_KEY_UIApplicationSceneManifest_Generation = YES;
				INFOPLIST_KEY_UIApplicationSupportsIndirectInputEvents = YES;
				INFOPLIST_KEY_UILaunchScreen_Generation = YES;
				INFOPLIST_KEY_UISupportedInterfaceOrientations_iPad = "UIInterfaceOrientationPortrait UIInterfaceOrientationPortraitUpsideDown UIInterfaceOrientationLandscapeLeft UIInterfaceOrientationLandscapeRight";
				INFOPLIST_KEY_UISupportedInterfaceOrientations_iPhone = "UIInterfaceOrientationPortrait UIInterfaceOrientationLandscapeLeft UIInterfaceOrientationLandscapeRight";
				LD_RUNPATH_SEARCH_PATHS = (
					"$(inherited)",
					"@executable_path/Frameworks",
				);
				MARKETING_VERSION = 1.0;
				PRODUCT_BUNDLE_IDENTIFIER = co.nyle.NYLE;
				PRODUCT_NAME = "$(TARGET_NAME)";
				SWIFT_EMIT_LOC_STRINGS = YES;
				SWIFT_VERSION = 5.0;
				TARGETED_DEVICE_FAMILY = "1,2";
			};
			name = Release;
		};
/* End XCBuildConfiguration section */

/* Begin XCConfigurationList section */
		3FF4A1BE29DE583B00A30D6F /* Build configuration list for PBXProject "NYLE" */ = {
			isa = XCConfigurationList;
			buildConfigurations = (
				3FF4A1CF29DE583D00A30D6F /* Debug */,
				3FF4A1D029DE583D00A30D6F /* Release */,
			);
			defaultConfigurationIsVisible = 0;
			defaultConfigurationName = Release;
		};
		3FF4A1D129DE583D00A30D6F /* Build configuration list for PBXNativeTarget "NYLE" */ = {
			isa = XCConfigurationList;
			buildConfigurations = (
				3FF4A1D229DE583D00A30D6F /* Debug */,
				3FF4A1D329DE583D00A30D6F /* Release */,
			);
			defaultConfigurationIsVisible = 0;
			defaultConfigurationName = Release;
		};
/* End XCConfigurationList section */
	};
	rootObject = 3FF4A1BB29DE583B00A30D6F /* Project object */;
}
